
Microsoft Visual Studio Solution File, Format Version 12.00
# Visual Studio Version 17
VisualStudioVersion = 17.0.31903.59
MinimumVisualStudioVersion = 10.0.40219.1
Project("{2150E333-8FDC-42A3-9474-1A3956D46DE8}") = "src", "src", "{104C8CCD-3086-4733-92B1-DD464C61B0AB}"
EndProject
Project("{2150E333-8FDC-42A3-9474-1A3956D46DE8}") = "tests", "tests", "{CFA28591-5073-41BB-8E43-BDD020D72BF0}"
EndProject
Project("{2150E333-8FDC-42A3-9474-1A3956D46DE8}") = "demo", "demo", "{49263E78-CA88-45A9-935F-6BFED7EF708D}"
EndProject
Project("{FAE04EC0-301F-11D3-BF4B-00C04F79EFBC}") = "PicoHex.Server.Demo", "demo\PicoHex.Server.Demo\PicoHex.Server.Demo.csproj", "{22134531-61F6-477C-9A1C-6486AF8C7ACF}"
EndProject
Project("{FAE04EC0-301F-11D3-BF4B-00C04F79EFBC}") = "PicoHex.Server.Test", "tests\PicoHex.Server.Test\PicoHex.Server.Test.csproj", "{ED5C39D8-2365-493C-94E8-8D23BA6A626D}"
EndProject
Project("{FAE04EC0-301F-11D3-BF4B-00C04F79EFBC}") = "PicoHex.DependencyInjection.Test", "tests\PicoHex.DependencyInjection.Test\PicoHex.DependencyInjection.Test.csproj", "{805E4554-1423-4B84-A7D2-071E31409EF4}"
EndProject
Project("{FAE04EC0-301F-11D3-BF4B-00C04F79EFBC}") = "PicoHex.Server.Http.Demo", "demo\PicoHex.Server.Http.Demo\PicoHex.Server.Http.Demo.csproj", "{F6ACDA70-25B5-432B-A238-C4EECF3EA207}"
EndProject
Project("{2150E333-8FDC-42A3-9474-1A3956D46DE8}") = "DependencyInjection", "DependencyInjection", "{8BB4AACE-572F-4370-9383-A2D84FF73DEB}"
EndProject
Project("{2150E333-8FDC-42A3-9474-1A3956D46DE8}") = "Server", "Server", "{502E65DB-9F00-4F77-813F-9C21D4BDE936}"
EndProject
Project("{FAE04EC0-301F-11D3-BF4B-00C04F79EFBC}") = "PicoHex.DependencyInjection.Abstractions", "src\DependencyInjection\PicoHex.DependencyInjection.Abstractions\PicoHex.DependencyInjection.Abstractions.csproj", "{0D24572B-F803-47F0-9024-44CBE69B1680}"
EndProject
Project("{FAE04EC0-301F-11D3-BF4B-00C04F79EFBC}") = "PicoHex.DependencyInjection", "src\DependencyInjection\PicoHex.DependencyInjection\PicoHex.DependencyInjection.csproj", "{EB8E9B28-DC99-406A-AF0A-4E2C0810301E}"
EndProject
Project("{FAE04EC0-301F-11D3-BF4B-00C04F79EFBC}") = "PicoHex.Server", "src\Server\PicoHex.Server\PicoHex.Server.csproj", "{39661750-C427-4995-9003-408EDBD85675}"
EndProject
Project("{FAE04EC0-301F-11D3-BF4B-00C04F79EFBC}") = "PicoHex.Server.Http", "src\Server\PicoHex.Server.Http\PicoHex.Server.Http.csproj", "{FA841F50-BC71-4BD5-83D0-0C51FBA8562B}"
EndProject
Project("{2150E333-8FDC-42A3-9474-1A3956D46DE8}") = "HttpServer", "HttpServer", "{2156E2B9-EB77-4C21-B777-214CEF8DB8CF}"
EndProject
Project("{FAE04EC0-301F-11D3-BF4B-00C04F79EFBC}") = "PicoHex.HttpServer", "src\HttpServer\PicoHex.HttpServer\PicoHex.HttpServer.csproj", "{DC29D989-E3FF-493F-B3A7-94994EA7EC0C}"
EndProject
Project("{FAE04EC0-301F-11D3-BF4B-00C04F79EFBC}") = "PicoHex.Server.Abstractions", "src\Server\PicoHex.Server.Abstractions\PicoHex.Server.Abstractions.csproj", "{50555E58-CB77-414B-ABD3-2346FFA39EF7}"
EndProject
Project("{2150E333-8FDC-42A3-9474-1A3956D46DE8}") = "Logger", "Logger", "{A228EA57-278D-4EE1-B8ED-87CDDC480C1A}"
EndProject
Project("{FAE04EC0-301F-11D3-BF4B-00C04F79EFBC}") = "PicoHex.HttpServer.Abstractions", "src\HttpServer\PicoHex.HttpServer.Abstractions\PicoHex.HttpServer.Abstractions.csproj", "{DDF8C2D8-A183-4227-B654-284192622BC0}"
EndProject
Project("{FAE04EC0-301F-11D3-BF4B-00C04F79EFBC}") = "PicoHex.Socket", "src\Server\PicoHex.Socket\PicoHex.Socket.csproj", "{1BE69972-6EED-4A52-A6A7-3954157AC67D}"
EndProject
Project("{FAE04EC0-301F-11D3-BF4B-00C04F79EFBC}") = "PicoHex.Socket.Demo", "demo\PicoHex.Socket.Demo\PicoHex.Socket.Demo.csproj", "{20654068-6A1F-44D9-8C79-F775FA2B3ADC}"
EndProject
Project("{FAE04EC0-301F-11D3-BF4B-00C04F79EFBC}") = "PicoHex.Logger.Demo", "demo\PicoHex.Logger.Demo\PicoHex.Logger.Demo.csproj", "{50802F6A-25F6-42B3-B758-81D2F5611271}"
EndProject
Project("{FAE04EC0-301F-11D3-BF4B-00C04F79EFBC}") = "PicoHex.Logger.Abstractions", "src\Logger\PicoHex.Logger.Abstractions\PicoHex.Logger.Abstractions.csproj", "{88844FF8-CDEC-49E7-BA94-4F4FBE531FA9}"
EndProject
Project("{FAE04EC0-301F-11D3-BF4B-00C04F79EFBC}") = "PicoHex.Logger.NG.Test", "tests\PicoHex.Logger.NG.Test\PicoHex.Logger.NG.Test.csproj", "{CAEF2C72-281F-45E5-9867-78C49CB84A9F}"
EndProject
Project("{FAE04EC0-301F-11D3-BF4B-00C04F79EFBC}") = "PicoHex.Logger", "src\Logger\PicoHex.Logger\PicoHex.Logger.csproj", "{5AEFC578-F41C-4492-A548-729D2777C635}"
EndProject
Project("{FAE04EC0-301F-11D3-BF4B-00C04F79EFBC}") = "PicoHex.Logger.Json", "src\Logger\PicoHex.Logger.Json\PicoHex.Logger.Json.csproj", "{B67056E8-0ABE-4E7D-B07A-09765618B1E4}"
EndProject
Project("{FAE04EC0-301F-11D3-BF4B-00C04F79EFBC}") = "PicoHex.Log.NG", "src\Logger\PicoHex.Log.NG\PicoHex.Log.NG.csproj", "{1B2AB72D-FEB3-4DDB-96BA-CE4CDDD1C5E6}"
EndProject
Project("{FAE04EC0-301F-11D3-BF4B-00C04F79EFBC}") = "PicoHex.Logger.NG.Demo", "demo\PicoHex.Logger.NG.Demo\PicoHex.Logger.NG.Demo.csproj", "{DCE93BDC-2A15-4195-A9FD-835CA6664BAC}"
EndProject
Project("{FAE04EC0-301F-11D3-BF4B-00C04F79EFBC}") = "PicoHex.IoC", "src\DependencyInjection\PicoHex.IoC\PicoHex.IoC.csproj", "{4EAD0A83-F011-41B6-AAC1-704D4EBF0454}"
EndProject
Project("{FAE04EC0-301F-11D3-BF4B-00C04F79EFBC}") = "PicoHex.Ioc.Demo", "demo\PicoHex.Ioc.Demo\PicoHex.Ioc.Demo.csproj", "{EA5554EC-BBBB-46A0-BB44-BC406B3F71C8}"
EndProject
Project("{FAE04EC0-301F-11D3-BF4B-00C04F79EFBC}") = "PicoHex.Core", "src\PicoHex.Core\PicoHex.Core.csproj", "{880B0DC7-A859-424D-A21B-2C1DC7F61A7C}"
EndProject
Project("{FAE04EC0-301F-11D3-BF4B-00C04F79EFBC}") = "PicoHex.IoC.Abstractions", "src\DependencyInjection\PicoHex.IoC.Abstractions\PicoHex.IoC.Abstractions.csproj", "{8C15184F-633E-419A-80D5-A701BF667ECC}"
EndProject
Global
	GlobalSection(SolutionConfigurationPlatforms) = preSolution
		Debug|Any CPU = Debug|Any CPU
		Release|Any CPU = Release|Any CPU
	EndGlobalSection
	GlobalSection(SolutionProperties) = preSolution
		HideSolutionNode = FALSE
	EndGlobalSection
	GlobalSection(NestedProjects) = preSolution
		{22134531-61F6-477C-9A1C-6486AF8C7ACF} = {49263E78-CA88-45A9-935F-6BFED7EF708D}
		{ED5C39D8-2365-493C-94E8-8D23BA6A626D} = {CFA28591-5073-41BB-8E43-BDD020D72BF0}
		{805E4554-1423-4B84-A7D2-071E31409EF4} = {CFA28591-5073-41BB-8E43-BDD020D72BF0}
		{630A7C7E-8AE1-49B7-B872-6F84EEBB3A85} = {104C8CCD-3086-4733-92B1-DD464C61B0AB}
		{F6ACDA70-25B5-432B-A238-C4EECF3EA207} = {49263E78-CA88-45A9-935F-6BFED7EF708D}
		{8BB4AACE-572F-4370-9383-A2D84FF73DEB} = {104C8CCD-3086-4733-92B1-DD464C61B0AB}
		{502E65DB-9F00-4F77-813F-9C21D4BDE936} = {104C8CCD-3086-4733-92B1-DD464C61B0AB}
		{0D24572B-F803-47F0-9024-44CBE69B1680} = {8BB4AACE-572F-4370-9383-A2D84FF73DEB}
		{EB8E9B28-DC99-406A-AF0A-4E2C0810301E} = {8BB4AACE-572F-4370-9383-A2D84FF73DEB}
		{39661750-C427-4995-9003-408EDBD85675} = {502E65DB-9F00-4F77-813F-9C21D4BDE936}
		{FA841F50-BC71-4BD5-83D0-0C51FBA8562B} = {502E65DB-9F00-4F77-813F-9C21D4BDE936}
		{2156E2B9-EB77-4C21-B777-214CEF8DB8CF} = {104C8CCD-3086-4733-92B1-DD464C61B0AB}
		{DC29D989-E3FF-493F-B3A7-94994EA7EC0C} = {2156E2B9-EB77-4C21-B777-214CEF8DB8CF}
		{50555E58-CB77-414B-ABD3-2346FFA39EF7} = {502E65DB-9F00-4F77-813F-9C21D4BDE936}
		{A228EA57-278D-4EE1-B8ED-87CDDC480C1A} = {104C8CCD-3086-4733-92B1-DD464C61B0AB}
		{DDF8C2D8-A183-4227-B654-284192622BC0} = {2156E2B9-EB77-4C21-B777-214CEF8DB8CF}
		{1BE69972-6EED-4A52-A6A7-3954157AC67D} = {502E65DB-9F00-4F77-813F-9C21D4BDE936}
		{20654068-6A1F-44D9-8C79-F775FA2B3ADC} = {49263E78-CA88-45A9-935F-6BFED7EF708D}
		{50802F6A-25F6-42B3-B758-81D2F5611271} = {49263E78-CA88-45A9-935F-6BFED7EF708D}
		{88844FF8-CDEC-49E7-BA94-4F4FBE531FA9} = {A228EA57-278D-4EE1-B8ED-87CDDC480C1A}
		{CAEF2C72-281F-45E5-9867-78C49CB84A9F} = {CFA28591-5073-41BB-8E43-BDD020D72BF0}
		{5AEFC578-F41C-4492-A548-729D2777C635} = {A228EA57-278D-4EE1-B8ED-87CDDC480C1A}
		{B67056E8-0ABE-4E7D-B07A-09765618B1E4} = {A228EA57-278D-4EE1-B8ED-87CDDC480C1A}
		{1B2AB72D-FEB3-4DDB-96BA-CE4CDDD1C5E6} = {A228EA57-278D-4EE1-B8ED-87CDDC480C1A}
		{DCE93BDC-2A15-4195-A9FD-835CA6664BAC} = {49263E78-CA88-45A9-935F-6BFED7EF708D}
		{4EAD0A83-F011-41B6-AAC1-704D4EBF0454} = {8BB4AACE-572F-4370-9383-A2D84FF73DEB}
		{EA5554EC-BBBB-46A0-BB44-BC406B3F71C8} = {49263E78-CA88-45A9-935F-6BFED7EF708D}
		{880B0DC7-A859-424D-A21B-2C1DC7F61A7C} = {104C8CCD-3086-4733-92B1-DD464C61B0AB}
		{8C15184F-633E-419A-80D5-A701BF667ECC} = {8BB4AACE-572F-4370-9383-A2D84FF73DEB}
	EndGlobalSection
	GlobalSection(ProjectConfigurationPlatforms) = postSolution
		{22134531-61F6-477C-9A1C-6486AF8C7ACF}.Debug|Any CPU.ActiveCfg = Debug|Any CPU
		{22134531-61F6-477C-9A1C-6486AF8C7ACF}.Debug|Any CPU.Build.0 = Debug|Any CPU
		{22134531-61F6-477C-9A1C-6486AF8C7ACF}.Release|Any CPU.ActiveCfg = Release|Any CPU
		{22134531-61F6-477C-9A1C-6486AF8C7ACF}.Release|Any CPU.Build.0 = Release|Any CPU
		{ED5C39D8-2365-493C-94E8-8D23BA6A626D}.Debug|Any CPU.ActiveCfg = Debug|Any CPU
		{ED5C39D8-2365-493C-94E8-8D23BA6A626D}.Debug|Any CPU.Build.0 = Debug|Any CPU
		{ED5C39D8-2365-493C-94E8-8D23BA6A626D}.Release|Any CPU.ActiveCfg = Release|Any CPU
		{ED5C39D8-2365-493C-94E8-8D23BA6A626D}.Release|Any CPU.Build.0 = Release|Any CPU
		{805E4554-1423-4B84-A7D2-071E31409EF4}.Debug|Any CPU.ActiveCfg = Debug|Any CPU
		{805E4554-1423-4B84-A7D2-071E31409EF4}.Debug|Any CPU.Build.0 = Debug|Any CPU
		{805E4554-1423-4B84-A7D2-071E31409EF4}.Release|Any CPU.ActiveCfg = Release|Any CPU
		{805E4554-1423-4B84-A7D2-071E31409EF4}.Release|Any CPU.Build.0 = Release|Any CPU
		{630A7C7E-8AE1-49B7-B872-6F84EEBB3A85}.Debug|Any CPU.ActiveCfg = Debug|Any CPU
		{630A7C7E-8AE1-49B7-B872-6F84EEBB3A85}.Debug|Any CPU.Build.0 = Debug|Any CPU
		{630A7C7E-8AE1-49B7-B872-6F84EEBB3A85}.Release|Any CPU.ActiveCfg = Release|Any CPU
		{630A7C7E-8AE1-49B7-B872-6F84EEBB3A85}.Release|Any CPU.Build.0 = Release|Any CPU
		{F6ACDA70-25B5-432B-A238-C4EECF3EA207}.Debug|Any CPU.ActiveCfg = Debug|Any CPU
		{F6ACDA70-25B5-432B-A238-C4EECF3EA207}.Debug|Any CPU.Build.0 = Debug|Any CPU
		{F6ACDA70-25B5-432B-A238-C4EECF3EA207}.Release|Any CPU.ActiveCfg = Release|Any CPU
		{F6ACDA70-25B5-432B-A238-C4EECF3EA207}.Release|Any CPU.Build.0 = Release|Any CPU
		{0D24572B-F803-47F0-9024-44CBE69B1680}.Debug|Any CPU.ActiveCfg = Debug|Any CPU
		{0D24572B-F803-47F0-9024-44CBE69B1680}.Debug|Any CPU.Build.0 = Debug|Any CPU
		{0D24572B-F803-47F0-9024-44CBE69B1680}.Release|Any CPU.ActiveCfg = Release|Any CPU
		{0D24572B-F803-47F0-9024-44CBE69B1680}.Release|Any CPU.Build.0 = Release|Any CPU
		{EB8E9B28-DC99-406A-AF0A-4E2C0810301E}.Debug|Any CPU.ActiveCfg = Debug|Any CPU
		{EB8E9B28-DC99-406A-AF0A-4E2C0810301E}.Debug|Any CPU.Build.0 = Debug|Any CPU
		{EB8E9B28-DC99-406A-AF0A-4E2C0810301E}.Release|Any CPU.ActiveCfg = Release|Any CPU
		{EB8E9B28-DC99-406A-AF0A-4E2C0810301E}.Release|Any CPU.Build.0 = Release|Any CPU
		{39661750-C427-4995-9003-408EDBD85675}.Debug|Any CPU.ActiveCfg = Debug|Any CPU
		{39661750-C427-4995-9003-408EDBD85675}.Debug|Any CPU.Build.0 = Debug|Any CPU
		{39661750-C427-4995-9003-408EDBD85675}.Release|Any CPU.ActiveCfg = Release|Any CPU
		{39661750-C427-4995-9003-408EDBD85675}.Release|Any CPU.Build.0 = Release|Any CPU
		{FA841F50-BC71-4BD5-83D0-0C51FBA8562B}.Debug|Any CPU.ActiveCfg = Debug|Any CPU
		{FA841F50-BC71-4BD5-83D0-0C51FBA8562B}.Debug|Any CPU.Build.0 = Debug|Any CPU
		{FA841F50-BC71-4BD5-83D0-0C51FBA8562B}.Release|Any CPU.ActiveCfg = Release|Any CPU
		{FA841F50-BC71-4BD5-83D0-0C51FBA8562B}.Release|Any CPU.Build.0 = Release|Any CPU
		{DC29D989-E3FF-493F-B3A7-94994EA7EC0C}.Debug|Any CPU.ActiveCfg = Debug|Any CPU
		{DC29D989-E3FF-493F-B3A7-94994EA7EC0C}.Debug|Any CPU.Build.0 = Debug|Any CPU
		{DC29D989-E3FF-493F-B3A7-94994EA7EC0C}.Release|Any CPU.ActiveCfg = Release|Any CPU
		{DC29D989-E3FF-493F-B3A7-94994EA7EC0C}.Release|Any CPU.Build.0 = Release|Any CPU
		{50555E58-CB77-414B-ABD3-2346FFA39EF7}.Debug|Any CPU.ActiveCfg = Debug|Any CPU
		{50555E58-CB77-414B-ABD3-2346FFA39EF7}.Debug|Any CPU.Build.0 = Debug|Any CPU
		{50555E58-CB77-414B-ABD3-2346FFA39EF7}.Release|Any CPU.ActiveCfg = Release|Any CPU
		{50555E58-CB77-414B-ABD3-2346FFA39EF7}.Release|Any CPU.Build.0 = Release|Any CPU
		{DDF8C2D8-A183-4227-B654-284192622BC0}.Debug|Any CPU.ActiveCfg = Debug|Any CPU
		{DDF8C2D8-A183-4227-B654-284192622BC0}.Debug|Any CPU.Build.0 = Debug|Any CPU
		{DDF8C2D8-A183-4227-B654-284192622BC0}.Release|Any CPU.ActiveCfg = Release|Any CPU
		{DDF8C2D8-A183-4227-B654-284192622BC0}.Release|Any CPU.Build.0 = Release|Any CPU
		{1BE69972-6EED-4A52-A6A7-3954157AC67D}.Debug|Any CPU.ActiveCfg = Debug|Any CPU
		{1BE69972-6EED-4A52-A6A7-3954157AC67D}.Debug|Any CPU.Build.0 = Debug|Any CPU
		{1BE69972-6EED-4A52-A6A7-3954157AC67D}.Release|Any CPU.ActiveCfg = Release|Any CPU
		{1BE69972-6EED-4A52-A6A7-3954157AC67D}.Release|Any CPU.Build.0 = Release|Any CPU
		{20654068-6A1F-44D9-8C79-F775FA2B3ADC}.Debug|Any CPU.ActiveCfg = Debug|Any CPU
		{20654068-6A1F-44D9-8C79-F775FA2B3ADC}.Debug|Any CPU.Build.0 = Debug|Any CPU
		{20654068-6A1F-44D9-8C79-F775FA2B3ADC}.Release|Any CPU.ActiveCfg = Release|Any CPU
		{20654068-6A1F-44D9-8C79-F775FA2B3ADC}.Release|Any CPU.Build.0 = Release|Any CPU
		{50802F6A-25F6-42B3-B758-81D2F5611271}.Debug|Any CPU.ActiveCfg = Debug|Any CPU
		{50802F6A-25F6-42B3-B758-81D2F5611271}.Debug|Any CPU.Build.0 = Debug|Any CPU
		{50802F6A-25F6-42B3-B758-81D2F5611271}.Release|Any CPU.ActiveCfg = Release|Any CPU
		{50802F6A-25F6-42B3-B758-81D2F5611271}.Release|Any CPU.Build.0 = Release|Any CPU
		{88844FF8-CDEC-49E7-BA94-4F4FBE531FA9}.Debug|Any CPU.ActiveCfg = Debug|Any CPU
		{88844FF8-CDEC-49E7-BA94-4F4FBE531FA9}.Debug|Any CPU.Build.0 = Debug|Any CPU
		{88844FF8-CDEC-49E7-BA94-4F4FBE531FA9}.Release|Any CPU.ActiveCfg = Release|Any CPU
		{88844FF8-CDEC-49E7-BA94-4F4FBE531FA9}.Release|Any CPU.Build.0 = Release|Any CPU
		{CAEF2C72-281F-45E5-9867-78C49CB84A9F}.Debug|Any CPU.ActiveCfg = Debug|Any CPU
		{CAEF2C72-281F-45E5-9867-78C49CB84A9F}.Debug|Any CPU.Build.0 = Debug|Any CPU
		{CAEF2C72-281F-45E5-9867-78C49CB84A9F}.Release|Any CPU.ActiveCfg = Release|Any CPU
		{CAEF2C72-281F-45E5-9867-78C49CB84A9F}.Release|Any CPU.Build.0 = Release|Any CPU
		{5AEFC578-F41C-4492-A548-729D2777C635}.Debug|Any CPU.ActiveCfg = Debug|Any CPU
		{5AEFC578-F41C-4492-A548-729D2777C635}.Debug|Any CPU.Build.0 = Debug|Any CPU
		{5AEFC578-F41C-4492-A548-729D2777C635}.Release|Any CPU.ActiveCfg = Release|Any CPU
		{5AEFC578-F41C-4492-A548-729D2777C635}.Release|Any CPU.Build.0 = Release|Any CPU
		{B67056E8-0ABE-4E7D-B07A-09765618B1E4}.Debug|Any CPU.ActiveCfg = Debug|Any CPU
		{B67056E8-0ABE-4E7D-B07A-09765618B1E4}.Debug|Any CPU.Build.0 = Debug|Any CPU
		{B67056E8-0ABE-4E7D-B07A-09765618B1E4}.Release|Any CPU.ActiveCfg = Release|Any CPU
		{B67056E8-0ABE-4E7D-B07A-09765618B1E4}.Release|Any CPU.Build.0 = Release|Any CPU
		{1B2AB72D-FEB3-4DDB-96BA-CE4CDDD1C5E6}.Debug|Any CPU.ActiveCfg = Debug|Any CPU
		{1B2AB72D-FEB3-4DDB-96BA-CE4CDDD1C5E6}.Debug|Any CPU.Build.0 = Debug|Any CPU
		{1B2AB72D-FEB3-4DDB-96BA-CE4CDDD1C5E6}.Release|Any CPU.ActiveCfg = Release|Any CPU
		{1B2AB72D-FEB3-4DDB-96BA-CE4CDDD1C5E6}.Release|Any CPU.Build.0 = Release|Any CPU
		{DCE93BDC-2A15-4195-A9FD-835CA6664BAC}.Debug|Any CPU.ActiveCfg = Debug|Any CPU
		{DCE93BDC-2A15-4195-A9FD-835CA6664BAC}.Debug|Any CPU.Build.0 = Debug|Any CPU
		{DCE93BDC-2A15-4195-A9FD-835CA6664BAC}.Release|Any CPU.ActiveCfg = Release|Any CPU
		{DCE93BDC-2A15-4195-A9FD-835CA6664BAC}.Release|Any CPU.Build.0 = Release|Any CPU
		{4EAD0A83-F011-41B6-AAC1-704D4EBF0454}.Debug|Any CPU.ActiveCfg = Debug|Any CPU
		{4EAD0A83-F011-41B6-AAC1-704D4EBF0454}.Debug|Any CPU.Build.0 = Debug|Any CPU
		{4EAD0A83-F011-41B6-AAC1-704D4EBF0454}.Release|Any CPU.ActiveCfg = Release|Any CPU
		{4EAD0A83-F011-41B6-AAC1-704D4EBF0454}.Release|Any CPU.Build.0 = Release|Any CPU
		{EA5554EC-BBBB-46A0-BB44-BC406B3F71C8}.Debug|Any CPU.ActiveCfg = Debug|Any CPU
		{EA5554EC-BBBB-46A0-BB44-BC406B3F71C8}.Debug|Any CPU.Build.0 = Debug|Any CPU
		{EA5554EC-BBBB-46A0-BB44-BC406B3F71C8}.Release|Any CPU.ActiveCfg = Release|Any CPU
		{EA5554EC-BBBB-46A0-BB44-BC406B3F71C8}.Release|Any CPU.Build.0 = Release|Any CPU
		{880B0DC7-A859-424D-A21B-2C1DC7F61A7C}.Debug|Any CPU.ActiveCfg = Debug|Any CPU
		{880B0DC7-A859-424D-A21B-2C1DC7F61A7C}.Debug|Any CPU.Build.0 = Debug|Any CPU
		{880B0DC7-A859-424D-A21B-2C1DC7F61A7C}.Release|Any CPU.ActiveCfg = Release|Any CPU
		{880B0DC7-A859-424D-A21B-2C1DC7F61A7C}.Release|Any CPU.Build.0 = Release|Any CPU
		{8C15184F-633E-419A-80D5-A701BF667ECC}.Debug|Any CPU.ActiveCfg = Debug|Any CPU
		{8C15184F-633E-419A-80D5-A701BF667ECC}.Debug|Any CPU.Build.0 = Debug|Any CPU
		{8C15184F-633E-419A-80D5-A701BF667ECC}.Release|Any CPU.ActiveCfg = Release|Any CPU
		{8C15184F-633E-419A-80D5-A701BF667ECC}.Release|Any CPU.Build.0 = Release|Any CPU
	EndGlobalSection
EndGlobal
