
Microsoft Visual Studio Solution File, Format Version 12.00
# Visual Studio Version 17
VisualStudioVersion = 17.0.31903.59
MinimumVisualStudioVersion = 10.0.40219.1
Project("{2150E333-8FDC-42A3-9474-1A3956D46DE8}") = "src", "src", "{104C8CCD-3086-4733-92B1-DD464C61B0AB}"
EndProject
Project("{2150E333-8FDC-42A3-9474-1A3956D46DE8}") = "tests", "tests", "{CFA28591-5073-41BB-8E43-BDD020D72BF0}"
EndProject
Project("{2150E333-8FDC-42A3-9474-1A3956D46DE8}") = "demo", "demo", "{49263E78-CA88-45A9-935F-6BFED7EF708D}"
EndProject
Project("{FAE04EC0-301F-11D3-BF4B-00C04F79EFBC}") = "PicoHex.Server", "src\PicoHex.Server\PicoHex.Server.csproj", "{FE7A3F18-5352-475A-A276-6C54EDB33554}"
EndProject
Project("{FAE04EC0-301F-11D3-BF4B-00C04F79EFBC}") = "PicoHex.Server.Demo", "demo\PicoHex.Server.Demo\PicoHex.Server.Demo.csproj", "{22134531-61F6-477C-9A1C-6486AF8C7ACF}"
EndProject
Project("{FAE04EC0-301F-11D3-BF4B-00C04F79EFBC}") = "PicoHex.Server.Test", "tests\PicoHex.Server.Test\PicoHex.Server.Test.csproj", "{ED5C39D8-2365-493C-94E8-8D23BA6A626D}"
EndProject
Project("{FAE04EC0-301F-11D3-BF4B-00C04F79EFBC}") = "PicoHex.DependencyInjection.Test", "tests\PicoHex.DependencyInjection.Test\PicoHex.DependencyInjection.Test.csproj", "{805E4554-1423-4B84-A7D2-071E31409EF4}"
EndProject
Project("{FAE04EC0-301F-11D3-BF4B-00C04F79EFBC}") = "PicoHex.DependencyInjection.Abstractions", "src\PicoHex.DependencyInjection.Abstractions\PicoHex.DependencyInjection.Abstractions.csproj", "{3BD827AA-58A8-4756-B827-08E4219F3AAB}"
EndProject
Project("{FAE04EC0-301F-11D3-BF4B-00C04F79EFBC}") = "PicoHex.DependencyInjection", "src\PicoHex.DependencyInjection\PicoHex.DependencyInjection.csproj", "{FA00E061-279E-4728-A564-C4339361BF6B}"
EndProject
Project("{FAE04EC0-301F-11D3-BF4B-00C04F79EFBC}") = "PicoHex.HttpServer", "PicoHex.HttpServer\PicoHex.HttpServer.csproj", "{95EE7333-5115-4A9E-8D56-A1654498944C}"
EndProject
Project("{FAE04EC0-301F-11D3-BF4B-00C04F79EFBC}") = "PicoHex.HttpServer.Demo", "PicoHex.HttpServer.Demo\PicoHex.HttpServer.Demo.csproj", "{2FC101F2-D12C-4E6A-88CE-805B3F81574D}"
EndProject
Global
	GlobalSection(SolutionConfigurationPlatforms) = preSolution
		Debug|Any CPU = Debug|Any CPU
		Release|Any CPU = Release|Any CPU
	EndGlobalSection
	GlobalSection(SolutionProperties) = preSolution
		HideSolutionNode = FALSE
	EndGlobalSection
	GlobalSection(NestedProjects) = preSolution
		{FE7A3F18-5352-475A-A276-6C54EDB33554} = {104C8CCD-3086-4733-92B1-DD464C61B0AB}
		{22134531-61F6-477C-9A1C-6486AF8C7ACF} = {49263E78-CA88-45A9-935F-6BFED7EF708D}
		{ED5C39D8-2365-493C-94E8-8D23BA6A626D} = {CFA28591-5073-41BB-8E43-BDD020D72BF0}
		{805E4554-1423-4B84-A7D2-071E31409EF4} = {CFA28591-5073-41BB-8E43-BDD020D72BF0}
		{3BD827AA-58A8-4756-B827-08E4219F3AAB} = {104C8CCD-3086-4733-92B1-DD464C61B0AB}
		{FA00E061-279E-4728-A564-C4339361BF6B} = {104C8CCD-3086-4733-92B1-DD464C61B0AB}
		{630A7C7E-8AE1-49B7-B872-6F84EEBB3A85} = {104C8CCD-3086-4733-92B1-DD464C61B0AB}
		{95EE7333-5115-4A9E-8D56-A1654498944C} = {104C8CCD-3086-4733-92B1-DD464C61B0AB}
		{2FC101F2-D12C-4E6A-88CE-805B3F81574D} = {49263E78-CA88-45A9-935F-6BFED7EF708D}
	EndGlobalSection
	GlobalSection(ProjectConfigurationPlatforms) = postSolution
		{FE7A3F18-5352-475A-A276-6C54EDB33554}.Debug|Any CPU.ActiveCfg = Debug|Any CPU
		{FE7A3F18-5352-475A-A276-6C54EDB33554}.Debug|Any CPU.Build.0 = Debug|Any CPU
		{FE7A3F18-5352-475A-A276-6C54EDB33554}.Release|Any CPU.ActiveCfg = Release|Any CPU
		{FE7A3F18-5352-475A-A276-6C54EDB33554}.Release|Any CPU.Build.0 = Release|Any CPU
		{22134531-61F6-477C-9A1C-6486AF8C7ACF}.Debug|Any CPU.ActiveCfg = Debug|Any CPU
		{22134531-61F6-477C-9A1C-6486AF8C7ACF}.Debug|Any CPU.Build.0 = Debug|Any CPU
		{22134531-61F6-477C-9A1C-6486AF8C7ACF}.Release|Any CPU.ActiveCfg = Release|Any CPU
		{22134531-61F6-477C-9A1C-6486AF8C7ACF}.Release|Any CPU.Build.0 = Release|Any CPU
		{ED5C39D8-2365-493C-94E8-8D23BA6A626D}.Debug|Any CPU.ActiveCfg = Debug|Any CPU
		{ED5C39D8-2365-493C-94E8-8D23BA6A626D}.Debug|Any CPU.Build.0 = Debug|Any CPU
		{ED5C39D8-2365-493C-94E8-8D23BA6A626D}.Release|Any CPU.ActiveCfg = Release|Any CPU
		{ED5C39D8-2365-493C-94E8-8D23BA6A626D}.Release|Any CPU.Build.0 = Release|Any CPU
		{805E4554-1423-4B84-A7D2-071E31409EF4}.Debug|Any CPU.ActiveCfg = Debug|Any CPU
		{805E4554-1423-4B84-A7D2-071E31409EF4}.Debug|Any CPU.Build.0 = Debug|Any CPU
		{805E4554-1423-4B84-A7D2-071E31409EF4}.Release|Any CPU.ActiveCfg = Release|Any CPU
		{805E4554-1423-4B84-A7D2-071E31409EF4}.Release|Any CPU.Build.0 = Release|Any CPU
		{3BD827AA-58A8-4756-B827-08E4219F3AAB}.Debug|Any CPU.ActiveCfg = Debug|Any CPU
		{3BD827AA-58A8-4756-B827-08E4219F3AAB}.Debug|Any CPU.Build.0 = Debug|Any CPU
		{3BD827AA-58A8-4756-B827-08E4219F3AAB}.Release|Any CPU.ActiveCfg = Release|Any CPU
		{3BD827AA-58A8-4756-B827-08E4219F3AAB}.Release|Any CPU.Build.0 = Release|Any CPU
		{FA00E061-279E-4728-A564-C4339361BF6B}.Debug|Any CPU.ActiveCfg = Debug|Any CPU
		{FA00E061-279E-4728-A564-C4339361BF6B}.Debug|Any CPU.Build.0 = Debug|Any CPU
		{FA00E061-279E-4728-A564-C4339361BF6B}.Release|Any CPU.ActiveCfg = Release|Any CPU
		{FA00E061-279E-4728-A564-C4339361BF6B}.Release|Any CPU.Build.0 = Release|Any CPU
		{630A7C7E-8AE1-49B7-B872-6F84EEBB3A85}.Debug|Any CPU.ActiveCfg = Debug|Any CPU
		{630A7C7E-8AE1-49B7-B872-6F84EEBB3A85}.Debug|Any CPU.Build.0 = Debug|Any CPU
		{630A7C7E-8AE1-49B7-B872-6F84EEBB3A85}.Release|Any CPU.ActiveCfg = Release|Any CPU
		{630A7C7E-8AE1-49B7-B872-6F84EEBB3A85}.Release|Any CPU.Build.0 = Release|Any CPU
		{95EE7333-5115-4A9E-8D56-A1654498944C}.Debug|Any CPU.ActiveCfg = Debug|Any CPU
		{95EE7333-5115-4A9E-8D56-A1654498944C}.Debug|Any CPU.Build.0 = Debug|Any CPU
		{95EE7333-5115-4A9E-8D56-A1654498944C}.Release|Any CPU.ActiveCfg = Release|Any CPU
		{95EE7333-5115-4A9E-8D56-A1654498944C}.Release|Any CPU.Build.0 = Release|Any CPU
		{2FC101F2-D12C-4E6A-88CE-805B3F81574D}.Debug|Any CPU.ActiveCfg = Debug|Any CPU
		{2FC101F2-D12C-4E6A-88CE-805B3F81574D}.Debug|Any CPU.Build.0 = Debug|Any CPU
		{2FC101F2-D12C-4E6A-88CE-805B3F81574D}.Release|Any CPU.ActiveCfg = Release|Any CPU
		{2FC101F2-D12C-4E6A-88CE-805B3F81574D}.Release|Any CPU.Build.0 = Release|Any CPU
	EndGlobalSection
EndGlobal
