
Microsoft Visual Studio Solution File, Format Version 12.00
# Visual Studio Version 17
VisualStudioVersion = 17.0.31903.59
MinimumVisualStudioVersion = 10.0.40219.1
Project("{2150E333-8FDC-42A3-9474-1A3956D46DE8}") = "src", "src", "{104C8CCD-3086-4733-92B1-DD464C61B0AB}"
EndProject
Project("{2150E333-8FDC-42A3-9474-1A3956D46DE8}") = "tests", "tests", "{CFA28591-5073-41BB-8E43-BDD020D72BF0}"
EndProject
Project("{2150E333-8FDC-42A3-9474-1A3956D46DE8}") = "demo", "demo", "{49263E78-CA88-45A9-935F-6BFED7EF708D}"
EndProject
Project("{FAE04EC0-301F-11D3-BF4B-00C04F79EFBC}") = "PicoHex.Server.Demo", "demo\PicoHex.Server.Demo\PicoHex.Server.Demo.csproj", "{22134531-61F6-477C-9A1C-6486AF8C7ACF}"
EndProject
Project("{FAE04EC0-301F-11D3-BF4B-00C04F79EFBC}") = "PicoHex.Server.Test", "tests\PicoHex.Server.Test\PicoHex.Server.Test.csproj", "{ED5C39D8-2365-493C-94E8-8D23BA6A626D}"
EndProject
Project("{FAE04EC0-301F-11D3-BF4B-00C04F79EFBC}") = "PicoHex.DependencyInjection.Test", "tests\PicoHex.DependencyInjection.Test\PicoHex.DependencyInjection.Test.csproj", "{805E4554-1423-4B84-A7D2-071E31409EF4}"
EndProject
Project("{FAE04EC0-301F-11D3-BF4B-00C04F79EFBC}") = "PicoHex.Server.Http.Demo", "demo\PicoHex.Server.Http.Demo\PicoHex.Server.Http.Demo.csproj", "{F6ACDA70-25B5-432B-A238-C4EECF3EA207}"
EndProject
Project("{2150E333-8FDC-42A3-9474-1A3956D46DE8}") = "DependencyInjection", "DependencyInjection", "{8BB4AACE-572F-4370-9383-A2D84FF73DEB}"
EndProject
Project("{2150E333-8FDC-42A3-9474-1A3956D46DE8}") = "Server", "Server", "{502E65DB-9F00-4F77-813F-9C21D4BDE936}"
EndProject
Project("{FAE04EC0-301F-11D3-BF4B-00C04F79EFBC}") = "PicoHex.DependencyInjection.Abstractions", "src\DependencyInjection\PicoHex.DependencyInjection.Abstractions\PicoHex.DependencyInjection.Abstractions.csproj", "{0D24572B-F803-47F0-9024-44CBE69B1680}"
EndProject
Project("{FAE04EC0-301F-11D3-BF4B-00C04F79EFBC}") = "PicoHex.DependencyInjection", "src\DependencyInjection\PicoHex.DependencyInjection\PicoHex.DependencyInjection.csproj", "{EB8E9B28-DC99-406A-AF0A-4E2C0810301E}"
EndProject
Project("{FAE04EC0-301F-11D3-BF4B-00C04F79EFBC}") = "PicoHex.Server", "src\Server\PicoHex.Server\PicoHex.Server.csproj", "{39661750-C427-4995-9003-408EDBD85675}"
EndProject
Project("{FAE04EC0-301F-11D3-BF4B-00C04F79EFBC}") = "PicoHex.Server.Http", "src\Server\PicoHex.Server.Http\PicoHex.Server.Http.csproj", "{FA841F50-BC71-4BD5-83D0-0C51FBA8562B}"
EndProject
Global
	GlobalSection(SolutionConfigurationPlatforms) = preSolution
		Debug|Any CPU = Debug|Any CPU
		Release|Any CPU = Release|Any CPU
	EndGlobalSection
	GlobalSection(SolutionProperties) = preSolution
		HideSolutionNode = FALSE
	EndGlobalSection
	GlobalSection(NestedProjects) = preSolution
		{22134531-61F6-477C-9A1C-6486AF8C7ACF} = {49263E78-CA88-45A9-935F-6BFED7EF708D}
		{ED5C39D8-2365-493C-94E8-8D23BA6A626D} = {CFA28591-5073-41BB-8E43-BDD020D72BF0}
		{805E4554-1423-4B84-A7D2-071E31409EF4} = {CFA28591-5073-41BB-8E43-BDD020D72BF0}
		{630A7C7E-8AE1-49B7-B872-6F84EEBB3A85} = {104C8CCD-3086-4733-92B1-DD464C61B0AB}
		{F6ACDA70-25B5-432B-A238-C4EECF3EA207} = {49263E78-CA88-45A9-935F-6BFED7EF708D}
		{8BB4AACE-572F-4370-9383-A2D84FF73DEB} = {104C8CCD-3086-4733-92B1-DD464C61B0AB}
		{502E65DB-9F00-4F77-813F-9C21D4BDE936} = {104C8CCD-3086-4733-92B1-DD464C61B0AB}
		{0D24572B-F803-47F0-9024-44CBE69B1680} = {8BB4AACE-572F-4370-9383-A2D84FF73DEB}
		{EB8E9B28-DC99-406A-AF0A-4E2C0810301E} = {8BB4AACE-572F-4370-9383-A2D84FF73DEB}
		{39661750-C427-4995-9003-408EDBD85675} = {502E65DB-9F00-4F77-813F-9C21D4BDE936}
		{FA841F50-BC71-4BD5-83D0-0C51FBA8562B} = {502E65DB-9F00-4F77-813F-9C21D4BDE936}
	EndGlobalSection
	GlobalSection(ProjectConfigurationPlatforms) = postSolution
		{22134531-61F6-477C-9A1C-6486AF8C7ACF}.Debug|Any CPU.ActiveCfg = Debug|Any CPU
		{22134531-61F6-477C-9A1C-6486AF8C7ACF}.Debug|Any CPU.Build.0 = Debug|Any CPU
		{22134531-61F6-477C-9A1C-6486AF8C7ACF}.Release|Any CPU.ActiveCfg = Release|Any CPU
		{22134531-61F6-477C-9A1C-6486AF8C7ACF}.Release|Any CPU.Build.0 = Release|Any CPU
		{ED5C39D8-2365-493C-94E8-8D23BA6A626D}.Debug|Any CPU.ActiveCfg = Debug|Any CPU
		{ED5C39D8-2365-493C-94E8-8D23BA6A626D}.Debug|Any CPU.Build.0 = Debug|Any CPU
		{ED5C39D8-2365-493C-94E8-8D23BA6A626D}.Release|Any CPU.ActiveCfg = Release|Any CPU
		{ED5C39D8-2365-493C-94E8-8D23BA6A626D}.Release|Any CPU.Build.0 = Release|Any CPU
		{805E4554-1423-4B84-A7D2-071E31409EF4}.Debug|Any CPU.ActiveCfg = Debug|Any CPU
		{805E4554-1423-4B84-A7D2-071E31409EF4}.Debug|Any CPU.Build.0 = Debug|Any CPU
		{805E4554-1423-4B84-A7D2-071E31409EF4}.Release|Any CPU.ActiveCfg = Release|Any CPU
		{805E4554-1423-4B84-A7D2-071E31409EF4}.Release|Any CPU.Build.0 = Release|Any CPU
		{630A7C7E-8AE1-49B7-B872-6F84EEBB3A85}.Debug|Any CPU.ActiveCfg = Debug|Any CPU
		{630A7C7E-8AE1-49B7-B872-6F84EEBB3A85}.Debug|Any CPU.Build.0 = Debug|Any CPU
		{630A7C7E-8AE1-49B7-B872-6F84EEBB3A85}.Release|Any CPU.ActiveCfg = Release|Any CPU
		{630A7C7E-8AE1-49B7-B872-6F84EEBB3A85}.Release|Any CPU.Build.0 = Release|Any CPU
		{F6ACDA70-25B5-432B-A238-C4EECF3EA207}.Debug|Any CPU.ActiveCfg = Debug|Any CPU
		{F6ACDA70-25B5-432B-A238-C4EECF3EA207}.Debug|Any CPU.Build.0 = Debug|Any CPU
		{F6ACDA70-25B5-432B-A238-C4EECF3EA207}.Release|Any CPU.ActiveCfg = Release|Any CPU
		{F6ACDA70-25B5-432B-A238-C4EECF3EA207}.Release|Any CPU.Build.0 = Release|Any CPU
		{0D24572B-F803-47F0-9024-44CBE69B1680}.Debug|Any CPU.ActiveCfg = Debug|Any CPU
		{0D24572B-F803-47F0-9024-44CBE69B1680}.Debug|Any CPU.Build.0 = Debug|Any CPU
		{0D24572B-F803-47F0-9024-44CBE69B1680}.Release|Any CPU.ActiveCfg = Release|Any CPU
		{0D24572B-F803-47F0-9024-44CBE69B1680}.Release|Any CPU.Build.0 = Release|Any CPU
		{EB8E9B28-DC99-406A-AF0A-4E2C0810301E}.Debug|Any CPU.ActiveCfg = Debug|Any CPU
		{EB8E9B28-DC99-406A-AF0A-4E2C0810301E}.Debug|Any CPU.Build.0 = Debug|Any CPU
		{EB8E9B28-DC99-406A-AF0A-4E2C0810301E}.Release|Any CPU.ActiveCfg = Release|Any CPU
		{EB8E9B28-DC99-406A-AF0A-4E2C0810301E}.Release|Any CPU.Build.0 = Release|Any CPU
		{39661750-C427-4995-9003-408EDBD85675}.Debug|Any CPU.ActiveCfg = Debug|Any CPU
		{39661750-C427-4995-9003-408EDBD85675}.Debug|Any CPU.Build.0 = Debug|Any CPU
		{39661750-C427-4995-9003-408EDBD85675}.Release|Any CPU.ActiveCfg = Release|Any CPU
		{39661750-C427-4995-9003-408EDBD85675}.Release|Any CPU.Build.0 = Release|Any CPU
		{FA841F50-BC71-4BD5-83D0-0C51FBA8562B}.Debug|Any CPU.ActiveCfg = Debug|Any CPU
		{FA841F50-BC71-4BD5-83D0-0C51FBA8562B}.Debug|Any CPU.Build.0 = Debug|Any CPU
		{FA841F50-BC71-4BD5-83D0-0C51FBA8562B}.Release|Any CPU.ActiveCfg = Release|Any CPU
		{FA841F50-BC71-4BD5-83D0-0C51FBA8562B}.Release|Any CPU.Build.0 = Release|Any CPU
	EndGlobalSection
EndGlobal
